// !$*UTF8*$!
{
	archiveVersion = 1;
	classes = {
	};
	objectVersion = 56;
	objects = {

/* Begin PBXBuildFile section */
		2C4CEB9B2BA47CBC00C6492C /* ComposableArchitectureExampleApp.swift in Sources */ = {isa = PBXBuildFile; fileRef = 2C4CEB9A2BA47CBC00C6492C /* ComposableArchitectureExampleApp.swift */; };
		2C4CEB9D2BA47CBC00C6492C /* CoounterView.swift in Sources */ = {isa = PBXBuildFile; fileRef = 2C4CEB9C2BA47CBC00C6492C /* CoounterView.swift */; };
		2C4CEB9F2BA47CBE00C6492C /* Assets.xcassets in Resources */ = {isa = PBXBuildFile; fileRef = 2C4CEB9E2BA47CBE00C6492C /* Assets.xcassets */; };
		2C4CEBA22BA47CBE00C6492C /* Preview Assets.xcassets in Resources */ = {isa = PBXBuildFile; fileRef = 2C4CEBA12BA47CBE00C6492C /* Preview Assets.xcassets */; };
		2C4CEBAC2BA47CBE00C6492C /* ComposableArchitectureExampleTests.swift in Sources */ = {isa = PBXBuildFile; fileRef = 2C4CEBAB2BA47CBE00C6492C /* ComposableArchitectureExampleTests.swift */; };
		2C4CEBB62BA47CBE00C6492C /* ComposableArchitectureExampleUITests.swift in Sources */ = {isa = PBXBuildFile; fileRef = 2C4CEBB52BA47CBE00C6492C /* ComposableArchitectureExampleUITests.swift */; };
		2C4CEBB82BA47CBE00C6492C /* ComposableArchitectureExampleUITestsLaunchTests.swift in Sources */ = {isa = PBXBuildFile; fileRef = 2C4CEBB72BA47CBE00C6492C /* ComposableArchitectureExampleUITestsLaunchTests.swift */; };
		2C4CEBC62BA47D7400C6492C /* ComposableArchitecture in Frameworks */ = {isa = PBXBuildFile; productRef = 2C4CEBC52BA47D7400C6492C /* ComposableArchitecture */; };
		2C4CEBC82BA47E8200C6492C /* CounterFeature.swift in Sources */ = {isa = PBXBuildFile; fileRef = 2C4CEBC72BA47E8200C6492C /* CounterFeature.swift */; };
		2CB9D3AB2BAEEF5A00EE6A47 /* NumberFactClient.swift in Sources */ = {isa = PBXBuildFile; fileRef = 2CB9D3AA2BAEEF5A00EE6A47 /* NumberFactClient.swift */; };
		2CB9D3AD2BAEF1E200EE6A47 /* AppFeature.swift in Sources */ = {isa = PBXBuildFile; fileRef = 2CB9D3AC2BAEF1E200EE6A47 /* AppFeature.swift */; };
		2CB9D3AF2BAEF57100EE6A47 /* MyApp.swift in Sources */ = {isa = PBXBuildFile; fileRef = 2CB9D3AE2BAEF57100EE6A47 /* MyApp.swift */; };
		2CB9D3B32BAEFD5A00EE6A47 /* ContactsFeature.swift in Sources */ = {isa = PBXBuildFile; fileRef = 2CB9D3B22BAEFD5A00EE6A47 /* ContactsFeature.swift */; };
		2CB9D3B52BAEFFB000EE6A47 /* AddContactFeature.swift in Sources */ = {isa = PBXBuildFile; fileRef = 2CB9D3B42BAEFFB000EE6A47 /* AddContactFeature.swift */; };
/* End PBXBuildFile section */

/* Begin PBXContainerItemProxy section */
		2C4CEBA82BA47CBE00C6492C /* PBXContainerItemProxy */ = {
			isa = PBXContainerItemProxy;
			containerPortal = 2C4CEB8F2BA47CBC00C6492C /* Project object */;
			proxyType = 1;
			remoteGlobalIDString = 2C4CEB962BA47CBC00C6492C;
			remoteInfo = ComposableArchitectureExample;
		};
		2C4CEBB22BA47CBE00C6492C /* PBXContainerItemProxy */ = {
			isa = PBXContainerItemProxy;
			containerPortal = 2C4CEB8F2BA47CBC00C6492C /* Project object */;
			proxyType = 1;
			remoteGlobalIDString = 2C4CEB962BA47CBC00C6492C;
			remoteInfo = ComposableArchitectureExample;
		};
/* End PBXContainerItemProxy section */

/* Begin PBXFileReference section */
		2C4CEB972BA47CBC00C6492C /* ComposableArchitectureExample.app */ = {isa = PBXFileReference; explicitFileType = wrapper.application; includeInIndex = 0; path = ComposableArchitectureExample.app; sourceTree = BUILT_PRODUCTS_DIR; };
		2C4CEB9A2BA47CBC00C6492C /* ComposableArchitectureExampleApp.swift */ = {isa = PBXFileReference; lastKnownFileType = sourcecode.swift; path = ComposableArchitectureExampleApp.swift; sourceTree = "<group>"; };
		2C4CEB9C2BA47CBC00C6492C /* CoounterView.swift */ = {isa = PBXFileReference; lastKnownFileType = sourcecode.swift; path = CoounterView.swift; sourceTree = "<group>"; };
		2C4CEB9E2BA47CBE00C6492C /* Assets.xcassets */ = {isa = PBXFileReference; lastKnownFileType = folder.assetcatalog; path = Assets.xcassets; sourceTree = "<group>"; };
		2C4CEBA12BA47CBE00C6492C /* Preview Assets.xcassets */ = {isa = PBXFileReference; lastKnownFileType = folder.assetcatalog; path = "Preview Assets.xcassets"; sourceTree = "<group>"; };
		2C4CEBA72BA47CBE00C6492C /* ComposableArchitectureExampleTests.xctest */ = {isa = PBXFileReference; explicitFileType = wrapper.cfbundle; includeInIndex = 0; path = ComposableArchitectureExampleTests.xctest; sourceTree = BUILT_PRODUCTS_DIR; };
		2C4CEBAB2BA47CBE00C6492C /* ComposableArchitectureExampleTests.swift */ = {isa = PBXFileReference; lastKnownFileType = sourcecode.swift; path = ComposableArchitectureExampleTests.swift; sourceTree = "<group>"; };
		2C4CEBB12BA47CBE00C6492C /* ComposableArchitectureExampleUITests.xctest */ = {isa = PBXFileReference; explicitFileType = wrapper.cfbundle; includeInIndex = 0; path = ComposableArchitectureExampleUITests.xctest; sourceTree = BUILT_PRODUCTS_DIR; };
		2C4CEBB52BA47CBE00C6492C /* ComposableArchitectureExampleUITests.swift */ = {isa = PBXFileReference; lastKnownFileType = sourcecode.swift; path = ComposableArchitectureExampleUITests.swift; sourceTree = "<group>"; };
		2C4CEBB72BA47CBE00C6492C /* ComposableArchitectureExampleUITestsLaunchTests.swift */ = {isa = PBXFileReference; lastKnownFileType = sourcecode.swift; path = ComposableArchitectureExampleUITestsLaunchTests.swift; sourceTree = "<group>"; };
		2C4CEBC72BA47E8200C6492C /* CounterFeature.swift */ = {isa = PBXFileReference; lastKnownFileType = sourcecode.swift; path = CounterFeature.swift; sourceTree = "<group>"; };
		2C4CEBC92BA491D100C6492C /* Info.plist */ = {isa = PBXFileReference; lastKnownFileType = text.plist; path = Info.plist; sourceTree = "<group>"; };
		2CB9D3AA2BAEEF5A00EE6A47 /* NumberFactClient.swift */ = {isa = PBXFileReference; lastKnownFileType = sourcecode.swift; path = NumberFactClient.swift; sourceTree = "<group>"; };
		2CB9D3AC2BAEF1E200EE6A47 /* AppFeature.swift */ = {isa = PBXFileReference; lastKnownFileType = sourcecode.swift; path = AppFeature.swift; sourceTree = "<group>"; };
		2CB9D3AE2BAEF57100EE6A47 /* MyApp.swift */ = {isa = PBXFileReference; lastKnownFileType = sourcecode.swift; path = MyApp.swift; sourceTree = "<group>"; };
		2CB9D3B22BAEFD5A00EE6A47 /* ContactsFeature.swift */ = {isa = PBXFileReference; lastKnownFileType = sourcecode.swift; path = ContactsFeature.swift; sourceTree = "<group>"; };
		2CB9D3B42BAEFFB000EE6A47 /* AddContactFeature.swift */ = {isa = PBXFileReference; lastKnownFileType = sourcecode.swift; path = AddContactFeature.swift; sourceTree = "<group>"; };
/* End PBXFileReference section */

/* Begin PBXFrameworksBuildPhase section */
		2C4CEB942BA47CBC00C6492C /* Frameworks */ = {
			isa = PBXFrameworksBuildPhase;
			buildActionMask = 2147483647;
			files = (
				2C4CEBC62BA47D7400C6492C /* ComposableArchitecture in Frameworks */,
			);
			runOnlyForDeploymentPostprocessing = 0;
		};
		2C4CEBA42BA47CBE00C6492C /* Frameworks */ = {
			isa = PBXFrameworksBuildPhase;
			buildActionMask = 2147483647;
			files = (
			);
			runOnlyForDeploymentPostprocessing = 0;
		};
		2C4CEBAE2BA47CBE00C6492C /* Frameworks */ = {
			isa = PBXFrameworksBuildPhase;
			buildActionMask = 2147483647;
			files = (
			);
			runOnlyForDeploymentPostprocessing = 0;
		};
/* End PBXFrameworksBuildPhase section */

/* Begin PBXGroup section */
		2C4CEB8E2BA47CBC00C6492C = {
			isa = PBXGroup;
			children = (
				2C4CEB992BA47CBC00C6492C /* ComposableArchitectureExample */,
				2C4CEBAA2BA47CBE00C6492C /* ComposableArchitectureExampleTests */,
				2C4CEBB42BA47CBE00C6492C /* ComposableArchitectureExampleUITests */,
				2C4CEB982BA47CBC00C6492C /* Products */,
			);
			sourceTree = "<group>";
		};
		2C4CEB982BA47CBC00C6492C /* Products */ = {
			isa = PBXGroup;
			children = (
				2C4CEB972BA47CBC00C6492C /* ComposableArchitectureExample.app */,
				2C4CEBA72BA47CBE00C6492C /* ComposableArchitectureExampleTests.xctest */,
				2C4CEBB12BA47CBE00C6492C /* ComposableArchitectureExampleUITests.xctest */,
			);
			name = Products;
			sourceTree = "<group>";
		};
		2C4CEB992BA47CBC00C6492C /* ComposableArchitectureExample */ = {
			isa = PBXGroup;
			children = (
				2C4CEBC92BA491D100C6492C /* Info.plist */,
				2CB9D3B02BAEFCE800EE6A47 /* Essentials */,
				2CB9D3B12BAEFD2000EE6A47 /* Navigation */,
				2C4CEB9E2BA47CBE00C6492C /* Assets.xcassets */,
				2C4CEBA02BA47CBE00C6492C /* Preview Content */,
			);
			path = ComposableArchitectureExample;
			sourceTree = "<group>";
		};
		2C4CEBA02BA47CBE00C6492C /* Preview Content */ = {
			isa = PBXGroup;
			children = (
				2C4CEBA12BA47CBE00C6492C /* Preview Assets.xcassets */,
			);
			path = "Preview Content";
			sourceTree = "<group>";
		};
		2C4CEBAA2BA47CBE00C6492C /* ComposableArchitectureExampleTests */ = {
			isa = PBXGroup;
			children = (
				2C4CEBAB2BA47CBE00C6492C /* ComposableArchitectureExampleTests.swift */,
			);
			path = ComposableArchitectureExampleTests;
			sourceTree = "<group>";
		};
		2C4CEBB42BA47CBE00C6492C /* ComposableArchitectureExampleUITests */ = {
			isa = PBXGroup;
			children = (
				2C4CEBB52BA47CBE00C6492C /* ComposableArchitectureExampleUITests.swift */,
				2C4CEBB72BA47CBE00C6492C /* ComposableArchitectureExampleUITestsLaunchTests.swift */,
			);
			path = ComposableArchitectureExampleUITests;
			sourceTree = "<group>";
		};
		2CB9D3B02BAEFCE800EE6A47 /* Essentials */ = {
			isa = PBXGroup;
			children = (
				2C4CEB9A2BA47CBC00C6492C /* ComposableArchitectureExampleApp.swift */,
				2CB9D3AE2BAEF57100EE6A47 /* MyApp.swift */,
				2C4CEB9C2BA47CBC00C6492C /* CoounterView.swift */,
				2C4CEBC72BA47E8200C6492C /* CounterFeature.swift */,
				2CB9D3AA2BAEEF5A00EE6A47 /* NumberFactClient.swift */,
				2CB9D3AC2BAEF1E200EE6A47 /* AppFeature.swift */,
			);
			path = Essentials;
			sourceTree = "<group>";
		};
		2CB9D3B12BAEFD2000EE6A47 /* Navigation */ = {
			isa = PBXGroup;
			children = (
				2CB9D3B22BAEFD5A00EE6A47 /* ContactsFeature.swift */,
				2CB9D3B42BAEFFB000EE6A47 /* AddContactFeature.swift */,
			);
			path = Navigation;
			sourceTree = "<group>";
		};
/* End PBXGroup section */

/* Begin PBXNativeTarget section */
		2C4CEB962BA47CBC00C6492C /* ComposableArchitectureExample */ = {
			isa = PBXNativeTarget;
			buildConfigurationList = 2C4CEBBB2BA47CBE00C6492C /* Build configuration list for PBXNativeTarget "ComposableArchitectureExample" */;
			buildPhases = (
				2C4CEB932BA47CBC00C6492C /* Sources */,
				2C4CEB942BA47CBC00C6492C /* Frameworks */,
				2C4CEB952BA47CBC00C6492C /* Resources */,
			);
			buildRules = (
			);
			dependencies = (
			);
			name = ComposableArchitectureExample;
			packageProductDependencies = (
				2C4CEBC52BA47D7400C6492C /* ComposableArchitecture */,
			);
			productName = ComposableArchitectureExample;
			productReference = 2C4CEB972BA47CBC00C6492C /* ComposableArchitectureExample.app */;
			productType = "com.apple.product-type.application";
		};
		2C4CEBA62BA47CBE00C6492C /* ComposableArchitectureExampleTests */ = {
			isa = PBXNativeTarget;
			buildConfigurationList = 2C4CEBBE2BA47CBE00C6492C /* Build configuration list for PBXNativeTarget "ComposableArchitectureExampleTests" */;
			buildPhases = (
				2C4CEBA32BA47CBE00C6492C /* Sources */,
				2C4CEBA42BA47CBE00C6492C /* Frameworks */,
				2C4CEBA52BA47CBE00C6492C /* Resources */,
			);
			buildRules = (
			);
			dependencies = (
				2C4CEBA92BA47CBE00C6492C /* PBXTargetDependency */,
			);
			name = ComposableArchitectureExampleTests;
			productName = ComposableArchitectureExampleTests;
			productReference = 2C4CEBA72BA47CBE00C6492C /* ComposableArchitectureExampleTests.xctest */;
			productType = "com.apple.product-type.bundle.unit-test";
		};
		2C4CEBB02BA47CBE00C6492C /* ComposableArchitectureExampleUITests */ = {
			isa = PBXNativeTarget;
			buildConfigurationList = 2C4CEBC12BA47CBE00C6492C /* Build configuration list for PBXNativeTarget "ComposableArchitectureExampleUITests" */;
			buildPhases = (
				2C4CEBAD2BA47CBE00C6492C /* Sources */,
				2C4CEBAE2BA47CBE00C6492C /* Frameworks */,
				2C4CEBAF2BA47CBE00C6492C /* Resources */,
			);
			buildRules = (
			);
			dependencies = (
				2C4CEBB32BA47CBE00C6492C /* PBXTargetDependency */,
			);
			name = ComposableArchitectureExampleUITests;
			productName = ComposableArchitectureExampleUITests;
			productReference = 2C4CEBB12BA47CBE00C6492C /* ComposableArchitectureExampleUITests.xctest */;
			productType = "com.apple.product-type.bundle.ui-testing";
		};
/* End PBXNativeTarget section */

/* Begin PBXProject section */
		2C4CEB8F2BA47CBC00C6492C /* Project object */ = {
			isa = PBXProject;
			attributes = {
				BuildIndependentTargetsInParallel = 1;
				LastSwiftUpdateCheck = 1520;
				LastUpgradeCheck = 1520;
				TargetAttributes = {
					2C4CEB962BA47CBC00C6492C = {
						CreatedOnToolsVersion = 15.2;
					};
					2C4CEBA62BA47CBE00C6492C = {
						CreatedOnToolsVersion = 15.2;
						TestTargetID = 2C4CEB962BA47CBC00C6492C;
					};
					2C4CEBB02BA47CBE00C6492C = {
						CreatedOnToolsVersion = 15.2;
						TestTargetID = 2C4CEB962BA47CBC00C6492C;
					};
				};
			};
			buildConfigurationList = 2C4CEB922BA47CBC00C6492C /* Build configuration list for PBXProject "ComposableArchitectureExample" */;
			compatibilityVersion = "Xcode 14.0";
			developmentRegion = en;
			hasScannedForEncodings = 0;
			knownRegions = (
				en,
				Base,
			);
			mainGroup = 2C4CEB8E2BA47CBC00C6492C;
			packageReferences = (
				2C4CEBC42BA47D7400C6492C /* XCRemoteSwiftPackageReference "swift-composable-architecture" */,
			);
			productRefGroup = 2C4CEB982BA47CBC00C6492C /* Products */;
			projectDirPath = "";
			projectRoot = "";
			targets = (
				2C4CEB962BA47CBC00C6492C /* ComposableArchitectureExample */,
				2C4CEBA62BA47CBE00C6492C /* ComposableArchitectureExampleTests */,
				2C4CEBB02BA47CBE00C6492C /* ComposableArchitectureExampleUITests */,
			);
		};
/* End PBXProject section */

/* Begin PBXResourcesBuildPhase section */
		2C4CEB952BA47CBC00C6492C /* Resources */ = {
			isa = PBXResourcesBuildPhase;
			buildActionMask = 2147483647;
			files = (
				2C4CEBA22BA47CBE00C6492C /* Preview Assets.xcassets in Resources */,
				2C4CEB9F2BA47CBE00C6492C /* Assets.xcassets in Resources */,
			);
			runOnlyForDeploymentPostprocessing = 0;
		};
		2C4CEBA52BA47CBE00C6492C /* Resources */ = {
			isa = PBXResourcesBuildPhase;
			buildActionMask = 2147483647;
			files = (
			);
			runOnlyForDeploymentPostprocessing = 0;
		};
		2C4CEBAF2BA47CBE00C6492C /* Resources */ = {
			isa = PBXResourcesBuildPhase;
			buildActionMask = 2147483647;
			files = (
			);
			runOnlyForDeploymentPostprocessing = 0;
		};
/* End PBXResourcesBuildPhase section */

/* Begin PBXSourcesBuildPhase section */
		2C4CEB932BA47CBC00C6492C /* Sources */ = {
			isa = PBXSourcesBuildPhase;
			buildActionMask = 2147483647;
			files = (
				2C4CEBC82BA47E8200C6492C /* CounterFeature.swift in Sources */,
				2CB9D3AD2BAEF1E200EE6A47 /* AppFeature.swift in Sources */,
				2C4CEB9D2BA47CBC00C6492C /* CoounterView.swift in Sources */,
				2CB9D3B52BAEFFB000EE6A47 /* AddContactFeature.swift in Sources */,
				2C4CEB9B2BA47CBC00C6492C /* ComposableArchitectureExampleApp.swift in Sources */,
				2CB9D3B32BAEFD5A00EE6A47 /* ContactsFeature.swift in Sources */,
				2CB9D3AB2BAEEF5A00EE6A47 /* NumberFactClient.swift in Sources */,
				2CB9D3AF2BAEF57100EE6A47 /* MyApp.swift in Sources */,
			);
			runOnlyForDeploymentPostprocessing = 0;
		};
		2C4CEBA32BA47CBE00C6492C /* Sources */ = {
			isa = PBXSourcesBuildPhase;
			buildActionMask = 2147483647;
			files = (
				2C4CEBAC2BA47CBE00C6492C /* ComposableArchitectureExampleTests.swift in Sources */,
			);
			runOnlyForDeploymentPostprocessing = 0;
		};
		2C4CEBAD2BA47CBE00C6492C /* Sources */ = {
			isa = PBXSourcesBuildPhase;
			buildActionMask = 2147483647;
			files = (
				2C4CEBB62BA47CBE00C6492C /* ComposableArchitectureExampleUITests.swift in Sources */,
				2C4CEBB82BA47CBE00C6492C /* ComposableArchitectureExampleUITestsLaunchTests.swift in Sources */,
			);
			runOnlyForDeploymentPostprocessing = 0;
		};
/* End PBXSourcesBuildPhase section */

/* Begin PBXTargetDependency section */
		2C4CEBA92BA47CBE00C6492C /* PBXTargetDependency */ = {
			isa = PBXTargetDependency;
			target = 2C4CEB962BA47CBC00C6492C /* ComposableArchitectureExample */;
			targetProxy = 2C4CEBA82BA47CBE00C6492C /* PBXContainerItemProxy */;
		};
		2C4CEBB32BA47CBE00C6492C /* PBXTargetDependency */ = {
			isa = PBXTargetDependency;
			target = 2C4CEB962BA47CBC00C6492C /* ComposableArchitectureExample */;
			targetProxy = 2C4CEBB22BA47CBE00C6492C /* PBXContainerItemProxy */;
		};
/* End PBXTargetDependency section */

/* Begin XCBuildConfiguration section */
		2C4CEBB92BA47CBE00C6492C /* Debug */ = {
			isa = XCBuildConfiguration;
			buildSettings = {
				ALWAYS_SEARCH_USER_PATHS = NO;
				ASSETCATALOG_COMPILER_GENERATE_SWIFT_ASSET_SYMBOL_EXTENSIONS = YES;
				CLANG_ANALYZER_NONNULL = YES;
				CLANG_ANALYZER_NUMBER_OBJECT_CONVERSION = YES_AGGRESSIVE;
				CLANG_CXX_LANGUAGE_STANDARD = "gnu++20";
				CLANG_ENABLE_MODULES = YES;
				CLANG_ENABLE_OBJC_ARC = YES;
				CLANG_ENABLE_OBJC_WEAK = YES;
				CLANG_WARN_BLOCK_CAPTURE_AUTORELEASING = YES;
				CLANG_WARN_BOOL_CONVERSION = YES;
				CLANG_WARN_COMMA = YES;
				CLANG_WARN_CONSTANT_CONVERSION = YES;
				CLANG_WARN_DEPRECATED_OBJC_IMPLEMENTATIONS = YES;
				CLANG_WARN_DIRECT_OBJC_ISA_USAGE = YES_ERROR;
				CLANG_WARN_DOCUMENTATION_COMMENTS = YES;
				CLANG_WARN_EMPTY_BODY = YES;
				CLANG_WARN_ENUM_CONVERSION = YES;
				CLANG_WARN_INFINITE_RECURSION = YES;
				CLANG_WARN_INT_CONVERSION = YES;
				CLANG_WARN_NON_LITERAL_NULL_CONVERSION = YES;
				CLANG_WARN_OBJC_IMPLICIT_RETAIN_SELF = YES;
				CLANG_WARN_OBJC_LITERAL_CONVERSION = YES;
				CLANG_WARN_OBJC_ROOT_CLASS = YES_ERROR;
				CLANG_WARN_QUOTED_INCLUDE_IN_FRAMEWORK_HEADER = YES;
				CLANG_WARN_RANGE_LOOP_ANALYSIS = YES;
				CLANG_WARN_STRICT_PROTOTYPES = YES;
				CLANG_WARN_SUSPICIOUS_MOVE = YES;
				CLANG_WARN_UNGUARDED_AVAILABILITY = YES_AGGRESSIVE;
				CLANG_WARN_UNREACHABLE_CODE = YES;
				CLANG_WARN__DUPLICATE_METHOD_MATCH = YES;
				COPY_PHASE_STRIP = NO;
				DEBUG_INFORMATION_FORMAT = dwarf;
				ENABLE_STRICT_OBJC_MSGSEND = YES;
				ENABLE_TESTABILITY = YES;
				ENABLE_USER_SCRIPT_SANDBOXING = YES;
				GCC_C_LANGUAGE_STANDARD = gnu17;
				GCC_DYNAMIC_NO_PIC = NO;
				GCC_NO_COMMON_BLOCKS = YES;
				GCC_OPTIMIZATION_LEVEL = 0;
				GCC_PREPROCESSOR_DEFINITIONS = (
					"DEBUG=1",
					"$(inherited)",
				);
				GCC_WARN_64_TO_32_BIT_CONVERSION = YES;
				GCC_WARN_ABOUT_RETURN_TYPE = YES_ERROR;
				GCC_WARN_UNDECLARED_SELECTOR = YES;
				GCC_WARN_UNINITIALIZED_AUTOS = YES_AGGRESSIVE;
				GCC_WARN_UNUSED_FUNCTION = YES;
				GCC_WARN_UNUSED_VARIABLE = YES;
				IPHONEOS_DEPLOYMENT_TARGET = 17.2;
				LOCALIZATION_PREFERS_STRING_CATALOGS = YES;
				MTL_ENABLE_DEBUG_INFO = INCLUDE_SOURCE;
				MTL_FAST_MATH = YES;
				ONLY_ACTIVE_ARCH = YES;
				SDKROOT = iphoneos;
				SWIFT_ACTIVE_COMPILATION_CONDITIONS = "DEBUG $(inherited)";
				SWIFT_OPTIMIZATION_LEVEL = "-Onone";
			};
			name = Debug;
		};
		2C4CEBBA2BA47CBE00C6492C /* Release */ = {
			isa = XCBuildConfiguration;
			buildSettings = {
				ALWAYS_SEARCH_USER_PATHS = NO;
				ASSETCATALOG_COMPILER_GENERATE_SWIFT_ASSET_SYMBOL_EXTENSIONS = YES;
				CLANG_ANALYZER_NONNULL = YES;
				CLANG_ANALYZER_NUMBER_OBJECT_CONVERSION = YES_AGGRESSIVE;
				CLANG_CXX_LANGUAGE_STANDARD = "gnu++20";
				CLANG_ENABLE_MODULES = YES;
				CLANG_ENABLE_OBJC_ARC = YES;
				CLANG_ENABLE_OBJC_WEAK = YES;
				CLANG_WARN_BLOCK_CAPTURE_AUTORELEASING = YES;
				CLANG_WARN_BOOL_CONVERSION = YES;
				CLANG_WARN_COMMA = YES;
				CLANG_WARN_CONSTANT_CONVERSION = YES;
				CLANG_WARN_DEPRECATED_OBJC_IMPLEMENTATIONS = YES;
				CLANG_WARN_DIRECT_OBJC_ISA_USAGE = YES_ERROR;
				CLANG_WARN_DOCUMENTATION_COMMENTS = YES;
				CLANG_WARN_EMPTY_BODY = YES;
				CLANG_WARN_ENUM_CONVERSION = YES;
				CLANG_WARN_INFINITE_RECURSION = YES;
				CLANG_WARN_INT_CONVERSION = YES;
				CLANG_WARN_NON_LITERAL_NULL_CONVERSION = YES;
				CLANG_WARN_OBJC_IMPLICIT_RETAIN_SELF = YES;
				CLANG_WARN_OBJC_LITERAL_CONVERSION = YES;
				CLANG_WARN_OBJC_ROOT_CLASS = YES_ERROR;
				CLANG_WARN_QUOTED_INCLUDE_IN_FRAMEWORK_HEADER = YES;
				CLANG_WARN_RANGE_LOOP_ANALYSIS = YES;
				CLANG_WARN_STRICT_PROTOTYPES = YES;
				CLANG_WARN_SUSPICIOUS_MOVE = YES;
				CLANG_WARN_UNGUARDED_AVAILABILITY = YES_AGGRESSIVE;
				CLANG_WARN_UNREACHABLE_CODE = YES;
				CLANG_WARN__DUPLICATE_METHOD_MATCH = YES;
				COPY_PHASE_STRIP = NO;
				DEBUG_INFORMATION_FORMAT = "dwarf-with-dsym";
				ENABLE_NS_ASSERTIONS = NO;
				ENABLE_STRICT_OBJC_MSGSEND = YES;
				ENABLE_USER_SCRIPT_SANDBOXING = YES;
				GCC_C_LANGUAGE_STANDARD = gnu17;
				GCC_NO_COMMON_BLOCKS = YES;
				GCC_WARN_64_TO_32_BIT_CONVERSION = YES;
				GCC_WARN_ABOUT_RETURN_TYPE = YES_ERROR;
				GCC_WARN_UNDECLARED_SELECTOR = YES;
				GCC_WARN_UNINITIALIZED_AUTOS = YES_AGGRESSIVE;
				GCC_WARN_UNUSED_FUNCTION = YES;
				GCC_WARN_UNUSED_VARIABLE = YES;
				IPHONEOS_DEPLOYMENT_TARGET = 17.2;
				LOCALIZATION_PREFERS_STRING_CATALOGS = YES;
				MTL_ENABLE_DEBUG_INFO = NO;
				MTL_FAST_MATH = YES;
				SDKROOT = iphoneos;
				SWIFT_COMPILATION_MODE = wholemodule;
				VALIDATE_PRODUCT = YES;
			};
			name = Release;
		};
		2C4CEBBC2BA47CBE00C6492C /* Debug */ = {
			isa = XCBuildConfiguration;
			buildSettings = {
				ASSETCATALOG_COMPILER_APPICON_NAME = AppIcon;
				ASSETCATALOG_COMPILER_GLOBAL_ACCENT_COLOR_NAME = AccentColor;
				CODE_SIGN_STYLE = Automatic;
				CURRENT_PROJECT_VERSION = 1;
				DEVELOPMENT_ASSET_PATHS = "\"ComposableArchitectureExample/Preview Content\"";
				DEVELOPMENT_TEAM = Y6QXM3Q994;
				ENABLE_PREVIEWS = YES;
				GENERATE_INFOPLIST_FILE = YES;
				INFOPLIST_FILE = ComposableArchitectureExample/Info.plist;
				INFOPLIST_KEY_UIApplicationSceneManifest_Generation = YES;
				INFOPLIST_KEY_UIApplicationSupportsIndirectInputEvents = YES;
				INFOPLIST_KEY_UILaunchScreen_Generation = YES;
				INFOPLIST_KEY_UISupportedInterfaceOrientations_iPad = "UIInterfaceOrientationPortrait UIInterfaceOrientationPortraitUpsideDown UIInterfaceOrientationLandscapeLeft UIInterfaceOrientationLandscapeRight";
				INFOPLIST_KEY_UISupportedInterfaceOrientations_iPhone = "UIInterfaceOrientationPortrait UIInterfaceOrientationLandscapeLeft UIInterfaceOrientationLandscapeRight";
				LD_RUNPATH_SEARCH_PATHS = (
					"$(inherited)",
					"@executable_path/Frameworks",
				);
				MARKETING_VERSION = 1.0;
				PRODUCT_BUNDLE_IDENTIFIER = com.seon.ComposableArchitectureExample;
				PRODUCT_NAME = "$(TARGET_NAME)";
				SWIFT_EMIT_LOC_STRINGS = YES;
				SWIFT_VERSION = 5.0;
				TARGETED_DEVICE_FAMILY = "1,2";
			};
			name = Debug;
		};
		2C4CEBBD2BA47CBE00C6492C /* Release */ = {
			isa = XCBuildConfiguration;
			buildSettings = {
				ASSETCATALOG_COMPILER_APPICON_NAME = AppIcon;
				ASSETCATALOG_COMPILER_GLOBAL_ACCENT_COLOR_NAME = AccentColor;
				CODE_SIGN_STYLE = Automatic;
				CURRENT_PROJECT_VERSION = 1;
				DEVELOPMENT_ASSET_PATHS = "\"ComposableArchitectureExample/Preview Content\"";
				DEVELOPMENT_TEAM = Y6QXM3Q994;
				ENABLE_PREVIEWS = YES;
				GENERATE_INFOPLIST_FILE = YES;
				INFOPLIST_FILE = ComposableArchitectureExample/Info.plist;
				INFOPLIST_KEY_UIApplicationSceneManifest_Generation = YES;
				INFOPLIST_KEY_UIApplicationSupportsIndirectInputEvents = YES;
				INFOPLIST_KEY_UILaunchScreen_Generation = YES;
				INFOPLIST_KEY_UISupportedInterfaceOrientations_iPad = "UIInterfaceOrientationPortrait UIInterfaceOrientationPortraitUpsideDown UIInterfaceOrientationLandscapeLeft UIInterfaceOrientationLandscapeRight";
				INFOPLIST_KEY_UISupportedInterfaceOrientations_iPhone = "UIInterfaceOrientationPortrait UIInterfaceOrientationLandscapeLeft UIInterfaceOrientationLandscapeRight";
				LD_RUNPATH_SEARCH_PATHS = (
					"$(inherited)",
					"@executable_path/Frameworks",
				);
				MARKETING_VERSION = 1.0;
				PRODUCT_BUNDLE_IDENTIFIER = com.seon.ComposableArchitectureExample;
				PRODUCT_NAME = "$(TARGET_NAME)";
				SWIFT_EMIT_LOC_STRINGS = YES;
				SWIFT_VERSION = 5.0;
				TARGETED_DEVICE_FAMILY = "1,2";
			};
			name = Release;
		};
		2C4CEBBF2BA47CBE00C6492C /* Debug */ = {
			isa = XCBuildConfiguration;
			buildSettings = {
				ALWAYS_EMBED_SWIFT_STANDARD_LIBRARIES = YES;
				BUNDLE_LOADER = "$(TEST_HOST)";
				CODE_SIGN_STYLE = Automatic;
				CURRENT_PROJECT_VERSION = 1;
				DEVELOPMENT_TEAM = Y6QXM3Q994;
				GENERATE_INFOPLIST_FILE = YES;
				IPHONEOS_DEPLOYMENT_TARGET = 17.2;
				MARKETING_VERSION = 1.0;
				PRODUCT_BUNDLE_IDENTIFIER = com.seon.ComposableArchitectureExampleTests;
				PRODUCT_NAME = "$(TARGET_NAME)";
				SWIFT_EMIT_LOC_STRINGS = NO;
				SWIFT_VERSION = 5.0;
				TARGETED_DEVICE_FAMILY = "1,2";
				TEST_HOST = "$(BUILT_PRODUCTS_DIR)/ComposableArchitectureExample.app/$(BUNDLE_EXECUTABLE_FOLDER_PATH)/ComposableArchitectureExample";
			};
			name = Debug;
		};
		2C4CEBC02BA47CBE00C6492C /* Release */ = {
			isa = XCBuildConfiguration;
			buildSettings = {
				ALWAYS_EMBED_SWIFT_STANDARD_LIBRARIES = YES;
				BUNDLE_LOADER = "$(TEST_HOST)";
				CODE_SIGN_STYLE = Automatic;
				CURRENT_PROJECT_VERSION = 1;
				DEVELOPMENT_TEAM = Y6QXM3Q994;
				GENERATE_INFOPLIST_FILE = YES;
				IPHONEOS_DEPLOYMENT_TARGET = 17.2;
				MARKETING_VERSION = 1.0;
				PRODUCT_BUNDLE_IDENTIFIER = com.seon.ComposableArchitectureExampleTests;
				PRODUCT_NAME = "$(TARGET_NAME)";
				SWIFT_EMIT_LOC_STRINGS = NO;
				SWIFT_VERSION = 5.0;
				TARGETED_DEVICE_FAMILY = "1,2";
				TEST_HOST = "$(BUILT_PRODUCTS_DIR)/ComposableArchitectureExample.app/$(BUNDLE_EXECUTABLE_FOLDER_PATH)/ComposableArchitectureExample";
			};
			name = Release;
		};
		2C4CEBC22BA47CBE00C6492C /* Debug */ = {
			isa = XCBuildConfiguration;
			buildSettings = {
				ALWAYS_EMBED_SWIFT_STANDARD_LIBRARIES = YES;
				CODE_SIGN_STYLE = Automatic;
				CURRENT_PROJECT_VERSION = 1;
				DEVELOPMENT_TEAM = Y6QXM3Q994;
				GENERATE_INFOPLIST_FILE = YES;
				MARKETING_VERSION = 1.0;
				PRODUCT_BUNDLE_IDENTIFIER = com.seon.ComposableArchitectureExampleUITests;
				PRODUCT_NAME = "$(TARGET_NAME)";
				SWIFT_EMIT_LOC_STRINGS = NO;
				SWIFT_VERSION = 5.0;
				TARGETED_DEVICE_FAMILY = "1,2";
				TEST_TARGET_NAME = ComposableArchitectureExample;
			};
			name = Debug;
		};
		2C4CEBC32BA47CBE00C6492C /* Release */ = {
			isa = XCBuildConfiguration;
			buildSettings = {
				ALWAYS_EMBED_SWIFT_STANDARD_LIBRARIES = YES;
				CODE_SIGN_STYLE = Automatic;
				CURRENT_PROJECT_VERSION = 1;
				DEVELOPMENT_TEAM = Y6QXM3Q994;
				GENERATE_INFOPLIST_FILE = YES;
				MARKETING_VERSION = 1.0;
				PRODUCT_BUNDLE_IDENTIFIER = com.seon.ComposableArchitectureExampleUITests;
				PRODUCT_NAME = "$(TARGET_NAME)";
				SWIFT_EMIT_LOC_STRINGS = NO;
				SWIFT_VERSION = 5.0;
				TARGETED_DEVICE_FAMILY = "1,2";
				TEST_TARGET_NAME = ComposableArchitectureExample;
			};
			name = Release;
		};
/* End XCBuildConfiguration section */

/* Begin XCConfigurationList section */
		2C4CEB922BA47CBC00C6492C /* Build configuration list for PBXProject "ComposableArchitectureExample" */ = {
			isa = XCConfigurationList;
			buildConfigurations = (
				2C4CEBB92BA47CBE00C6492C /* Debug */,
				2C4CEBBA2BA47CBE00C6492C /* Release */,
			);
			defaultConfigurationIsVisible = 0;
			defaultConfigurationName = Release;
		};
		2C4CEBBB2BA47CBE00C6492C /* Build configuration list for PBXNativeTarget "ComposableArchitectureExample" */ = {
			isa = XCConfigurationList;
			buildConfigurations = (
				2C4CEBBC2BA47CBE00C6492C /* Debug */,
				2C4CEBBD2BA47CBE00C6492C /* Release */,
			);
			defaultConfigurationIsVisible = 0;
			defaultConfigurationName = Release;
		};
		2C4CEBBE2BA47CBE00C6492C /* Build configuration list for PBXNativeTarget "ComposableArchitectureExampleTests" */ = {
			isa = XCConfigurationList;
			buildConfigurations = (
				2C4CEBBF2BA47CBE00C6492C /* Debug */,
				2C4CEBC02BA47CBE00C6492C /* Release */,
			);
			defaultConfigurationIsVisible = 0;
			defaultConfigurationName = Release;
		};
		2C4CEBC12BA47CBE00C6492C /* Build configuration list for PBXNativeTarget "ComposableArchitectureExampleUITests" */ = {
			isa = XCConfigurationList;
			buildConfigurations = (
				2C4CEBC22BA47CBE00C6492C /* Debug */,
				2C4CEBC32BA47CBE00C6492C /* Release */,
			);
			defaultConfigurationIsVisible = 0;
			defaultConfigurationName = Release;
		};
/* End XCConfigurationList section */

/* Begin XCRemoteSwiftPackageReference section */
		2C4CEBC42BA47D7400C6492C /* XCRemoteSwiftPackageReference "swift-composable-architecture" */ = {
			isa = XCRemoteSwiftPackageReference;
			repositoryURL = "https://github.com/pointfreeco/swift-composable-architecture";
			requirement = {
				kind = upToNextMajorVersion;
				minimumVersion = 1.9.2;
			};
		};
/* End XCRemoteSwiftPackageReference section */

/* Begin XCSwiftPackageProductDependency section */
		2C4CEBC52BA47D7400C6492C /* ComposableArchitecture */ = {
			isa = XCSwiftPackageProductDependency;
			package = 2C4CEBC42BA47D7400C6492C /* XCRemoteSwiftPackageReference "swift-composable-architecture" */;
			productName = ComposableArchitecture;
		};
/* End XCSwiftPackageProductDependency section */
	};
	rootObject = 2C4CEB8F2BA47CBC00C6492C /* Project object */;
}
